// !$*UTF8*$!
{
	archiveVersion = 1;
	classes = {
	};
	objectVersion = 56;
	objects = {

/* Begin PBXBuildFile section */
		12D22BB1582B268742ADF22C /* Pods_almophire_test.framework in Frameworks */ = {isa = PBXBuildFile; fileRef = D7EAE0D17946007F19E930EB /* Pods_almophire_test.framework */; };
		38FD41102BC3AC6E00B41DAB /* AppDelegate.swift in Sources */ = {isa = PBXBuildFile; fileRef = 38FD410F2BC3AC6E00B41DAB /* AppDelegate.swift */; };
		38FD41122BC3AC6E00B41DAB /* SceneDelegate.swift in Sources */ = {isa = PBXBuildFile; fileRef = 38FD41112BC3AC6E00B41DAB /* SceneDelegate.swift */; };
		38FD41142BC3AC6E00B41DAB /* ViewController.swift in Sources */ = {isa = PBXBuildFile; fileRef = 38FD41132BC3AC6E00B41DAB /* ViewController.swift */; };
		38FD41172BC3AC6E00B41DAB /* Main.storyboard in Resources */ = {isa = PBXBuildFile; fileRef = 38FD41152BC3AC6E00B41DAB /* Main.storyboard */; };
		38FD41192BC3AC6F00B41DAB /* Assets.xcassets in Resources */ = {isa = PBXBuildFile; fileRef = 38FD41182BC3AC6F00B41DAB /* Assets.xcassets */; };
		38FD411C2BC3AC6F00B41DAB /* LaunchScreen.storyboard in Resources */ = {isa = PBXBuildFile; fileRef = 38FD411A2BC3AC6F00B41DAB /* LaunchScreen.storyboard */; };
/* End PBXBuildFile section */

/* Begin PBXFileReference section */
		38FD410C2BC3AC6E00B41DAB /* almophire_test.app */ = {isa = PBXFileReference; explicitFileType = wrapper.application; includeInIndex = 0; path = almophire_test.app; sourceTree = BUILT_PRODUCTS_DIR; };
		38FD410F2BC3AC6E00B41DAB /* AppDelegate.swift */ = {isa = PBXFileReference; lastKnownFileType = sourcecode.swift; path = AppDelegate.swift; sourceTree = "<group>"; };
		38FD41112BC3AC6E00B41DAB /* SceneDelegate.swift */ = {isa = PBXFileReference; lastKnownFileType = sourcecode.swift; path = SceneDelegate.swift; sourceTree = "<group>"; };
		38FD41132BC3AC6E00B41DAB /* ViewController.swift */ = {isa = PBXFileReference; lastKnownFileType = sourcecode.swift; path = ViewController.swift; sourceTree = "<group>"; };
		38FD41162BC3AC6E00B41DAB /* Base */ = {isa = PBXFileReference; lastKnownFileType = file.storyboard; name = Base; path = Base.lproj/Main.storyboard; sourceTree = "<group>"; };
		38FD41182BC3AC6F00B41DAB /* Assets.xcassets */ = {isa = PBXFileReference; lastKnownFileType = folder.assetcatalog; path = Assets.xcassets; sourceTree = "<group>"; };
		38FD411B2BC3AC6F00B41DAB /* Base */ = {isa = PBXFileReference; lastKnownFileType = file.storyboard; name = Base; path = Base.lproj/LaunchScreen.storyboard; sourceTree = "<group>"; };
		38FD411D2BC3AC6F00B41DAB /* Info.plist */ = {isa = PBXFileReference; lastKnownFileType = text.plist.xml; path = Info.plist; sourceTree = "<group>"; };
		568DC3D3E2118E0ACEC9246B /* Pods-almophire_test.debug.xcconfig */ = {isa = PBXFileReference; includeInIndex = 1; lastKnownFileType = text.xcconfig; name = "Pods-almophire_test.debug.xcconfig"; path = "Target Support Files/Pods-almophire_test/Pods-almophire_test.debug.xcconfig"; sourceTree = "<group>"; };
		CAF354975B45DBE60CD636B6 /* Pods-almophire_test.release.xcconfig */ = {isa = PBXFileReference; includeInIndex = 1; lastKnownFileType = text.xcconfig; name = "Pods-almophire_test.release.xcconfig"; path = "Target Support Files/Pods-almophire_test/Pods-almophire_test.release.xcconfig"; sourceTree = "<group>"; };
		D7EAE0D17946007F19E930EB /* Pods_almophire_test.framework */ = {isa = PBXFileReference; explicitFileType = wrapper.framework; includeInIndex = 0; path = Pods_almophire_test.framework; sourceTree = BUILT_PRODUCTS_DIR; };
/* End PBXFileReference section */

/* Begin PBXFrameworksBuildPhase section */
		38FD41092BC3AC6E00B41DAB /* Frameworks */ = {
			isa = PBXFrameworksBuildPhase;
			buildActionMask = 2147483647;
			files = (
				12D22BB1582B268742ADF22C /* Pods_almophire_test.framework in Frameworks */,
			);
			runOnlyForDeploymentPostprocessing = 0;
		};
/* End PBXFrameworksBuildPhase section */

/* Begin PBXGroup section */
		38FD41032BC3AC6E00B41DAB = {
			isa = PBXGroup;
			children = (
				38FD410E2BC3AC6E00B41DAB /* almophire_test */,
				38FD410D2BC3AC6E00B41DAB /* Products */,
				5E9CF311137FC9436CD47DAC /* Pods */,
				8E11FBBFF938ADD11096FCC6 /* Frameworks */,
			);
			sourceTree = "<group>";
		};
		38FD410D2BC3AC6E00B41DAB /* Products */ = {
			isa = PBXGroup;
			children = (
				38FD410C2BC3AC6E00B41DAB /* almophire_test.app */,
			);
			name = Products;
			sourceTree = "<group>";
		};
		38FD410E2BC3AC6E00B41DAB /* almophire_test */ = {
			isa = PBXGroup;
			children = (
				38FD410F2BC3AC6E00B41DAB /* AppDelegate.swift */,
				38FD41112BC3AC6E00B41DAB /* SceneDelegate.swift */,
				38FD41132BC3AC6E00B41DAB /* ViewController.swift */,
				38FD41152BC3AC6E00B41DAB /* Main.storyboard */,
				38FD41182BC3AC6F00B41DAB /* Assets.xcassets */,
				38FD411A2BC3AC6F00B41DAB /* LaunchScreen.storyboard */,
				38FD411D2BC3AC6F00B41DAB /* Info.plist */,
			);
			path = almophire_test;
			sourceTree = "<group>";
		};
		5E9CF311137FC9436CD47DAC /* Pods */ = {
			isa = PBXGroup;
			children = (
				568DC3D3E2118E0ACEC9246B /* Pods-almophire_test.debug.xcconfig */,
				CAF354975B45DBE60CD636B6 /* Pods-almophire_test.release.xcconfig */,
			);
			name = Pods;
			path = Pods;
			sourceTree = "<group>";
		};
		8E11FBBFF938ADD11096FCC6 /* Frameworks */ = {
			isa = PBXGroup;
			children = (
				D7EAE0D17946007F19E930EB /* Pods_almophire_test.framework */,
			);
			name = Frameworks;
			sourceTree = "<group>";
		};
/* End PBXGroup section */

/* Begin PBXNativeTarget section */
		38FD410B2BC3AC6E00B41DAB /* almophire_test */ = {
			isa = PBXNativeTarget;
			buildConfigurationList = 38FD41202BC3AC6F00B41DAB /* Build configuration list for PBXNativeTarget "almophire_test" */;
			buildPhases = (
				A81AA3C5B677511D91F6EAE3 /* [CP] Check Pods Manifest.lock */,
				38FD41082BC3AC6E00B41DAB /* Sources */,
				38FD41092BC3AC6E00B41DAB /* Frameworks */,
				38FD410A2BC3AC6E00B41DAB /* Resources */,
				092315E186E6D109332A53A7 /* [CP] Embed Pods Frameworks */,
			);
			buildRules = (
			);
			dependencies = (
			);
			name = almophire_test;
			productName = almophire_test;
			productReference = 38FD410C2BC3AC6E00B41DAB /* almophire_test.app */;
			productType = "com.apple.product-type.application";
		};
/* End PBXNativeTarget section */

/* Begin PBXProject section */
		38FD41042BC3AC6E00B41DAB /* Project object */ = {
			isa = PBXProject;
			attributes = {
				BuildIndependentTargetsInParallel = 1;
				LastSwiftUpdateCheck = 1430;
				LastUpgradeCheck = 1430;
				TargetAttributes = {
					38FD410B2BC3AC6E00B41DAB = {
						CreatedOnToolsVersion = 14.3;
					};
				};
			};
			buildConfigurationList = 38FD41072BC3AC6E00B41DAB /* Build configuration list for PBXProject "almophire_test" */;
			compatibilityVersion = "Xcode 14.0";
			developmentRegion = en;
			hasScannedForEncodings = 0;
			knownRegions = (
				en,
				Base,
			);
			mainGroup = 38FD41032BC3AC6E00B41DAB;
			productRefGroup = 38FD410D2BC3AC6E00B41DAB /* Products */;
			projectDirPath = "";
			projectRoot = "";
			targets = (
				38FD410B2BC3AC6E00B41DAB /* almophire_test */,
			);
		};
/* End PBXProject section */

/* Begin PBXResourcesBuildPhase section */
		38FD410A2BC3AC6E00B41DAB /* Resources */ = {
			isa = PBXResourcesBuildPhase;
			buildActionMask = 2147483647;
			files = (
				38FD411C2BC3AC6F00B41DAB /* LaunchScreen.storyboard in Resources */,
				38FD41192BC3AC6F00B41DAB /* Assets.xcassets in Resources */,
				38FD41172BC3AC6E00B41DAB /* Main.storyboard in Resources */,
			);
			runOnlyForDeploymentPostprocessing = 0;
		};
/* End PBXResourcesBuildPhase section */

/* Begin PBXShellScriptBuildPhase section */
		092315E186E6D109332A53A7 /* [CP] Embed Pods Frameworks */ = {
			isa = PBXShellScriptBuildPhase;
			buildActionMask = 2147483647;
			files = (
			);
			inputFileListPaths = (
				"${PODS_ROOT}/Target Support Files/Pods-almophire_test/Pods-almophire_test-frameworks-${CONFIGURATION}-input-files.xcfilelist",
			);
			name = "[CP] Embed Pods Frameworks";
			outputFileListPaths = (
				"${PODS_ROOT}/Target Support Files/Pods-almophire_test/Pods-almophire_test-frameworks-${CONFIGURATION}-output-files.xcfilelist",
			);
			runOnlyForDeploymentPostprocessing = 0;
			shellPath = /bin/sh;
			shellScript = "\"${PODS_ROOT}/Target Support Files/Pods-almophire_test/Pods-almophire_test-frameworks.sh\"\n";
			showEnvVarsInLog = 0;
		};
		A81AA3C5B677511D91F6EAE3 /* [CP] Check Pods Manifest.lock */ = {
			isa = PBXShellScriptBuildPhase;
			buildActionMask = 2147483647;
			files = (
			);
			inputFileListPaths = (
			);
			inputPaths = (
				"${PODS_PODFILE_DIR_PATH}/Podfile.lock",
				"${PODS_ROOT}/Manifest.lock",
			);
			name = "[CP] Check Pods Manifest.lock";
			outputFileListPaths = (
			);
			outputPaths = (
				"$(DERIVED_FILE_DIR)/Pods-almophire_test-checkManifestLockResult.txt",
			);
			runOnlyForDeploymentPostprocessing = 0;
			shellPath = /bin/sh;
			shellScript = "diff \"${PODS_PODFILE_DIR_PATH}/Podfile.lock\" \"${PODS_ROOT}/Manifest.lock\" > /dev/null\nif [ $? != 0 ] ; then\n    # print error to STDERR\n    echo \"error: The sandbox is not in sync with the Podfile.lock. Run 'pod install' or update your CocoaPods installation.\" >&2\n    exit 1\nfi\n# This output is used by Xcode 'outputs' to avoid re-running this script phase.\necho \"SUCCESS\" > \"${SCRIPT_OUTPUT_FILE_0}\"\n";
			showEnvVarsInLog = 0;
		};
/* End PBXShellScriptBuildPhase section */

/* Begin PBXSourcesBuildPhase section */
		38FD41082BC3AC6E00B41DAB /* Sources */ = {
			isa = PBXSourcesBuildPhase;
			buildActionMask = 2147483647;
			files = (
				38FD41142BC3AC6E00B41DAB /* ViewController.swift in Sources */,
				38FD41102BC3AC6E00B41DAB /* AppDelegate.swift in Sources */,
				38FD41122BC3AC6E00B41DAB /* SceneDelegate.swift in Sources */,
			);
			runOnlyForDeploymentPostprocessing = 0;
		};
/* End PBXSourcesBuildPhase section */

/* Begin PBXVariantGroup section */
		38FD41152BC3AC6E00B41DAB /* Main.storyboard */ = {
			isa = PBXVariantGroup;
			children = (
				38FD41162BC3AC6E00B41DAB /* Base */,
			);
			name = Main.storyboard;
			sourceTree = "<group>";
		};
		38FD411A2BC3AC6F00B41DAB /* LaunchScreen.storyboard */ = {
			isa = PBXVariantGroup;
			children = (
				38FD411B2BC3AC6F00B41DAB /* Base */,
			);
			name = LaunchScreen.storyboard;
			sourceTree = "<group>";
		};
/* End PBXVariantGroup section */

/* Begin XCBuildConfiguration section */
		38FD411E2BC3AC6F00B41DAB /* Debug */ = {
			isa = XCBuildConfiguration;
			buildSettings = {
				ALWAYS_SEARCH_USER_PATHS = NO;
				CLANG_ANALYZER_NONNULL = YES;
				CLANG_ANALYZER_NUMBER_OBJECT_CONVERSION = YES_AGGRESSIVE;
				CLANG_CXX_LANGUAGE_STANDARD = "gnu++20";
				CLANG_ENABLE_MODULES = YES;
				CLANG_ENABLE_OBJC_ARC = YES;
				CLANG_ENABLE_OBJC_WEAK = YES;
				CLANG_WARN_BLOCK_CAPTURE_AUTORELEASING = YES;
				CLANG_WARN_BOOL_CONVERSION = YES;
				CLANG_WARN_COMMA = YES;
				CLANG_WARN_CONSTANT_CONVERSION = YES;
				CLANG_WARN_DEPRECATED_OBJC_IMPLEMENTATIONS = YES;
				CLANG_WARN_DIRECT_OBJC_ISA_USAGE = YES_ERROR;
				CLANG_WARN_DOCUMENTATION_COMMENTS = YES;
				CLANG_WARN_EMPTY_BODY = YES;
				CLANG_WARN_ENUM_CONVERSION = YES;
				CLANG_WARN_INFINITE_RECURSION = YES;
				CLANG_WARN_INT_CONVERSION = YES;
				CLANG_WARN_NON_LITERAL_NULL_CONVERSION = YES;
				CLANG_WARN_OBJC_IMPLICIT_RETAIN_SELF = YES;
				CLANG_WARN_OBJC_LITERAL_CONVERSION = YES;
				CLANG_WARN_OBJC_ROOT_CLASS = YES_ERROR;
				CLANG_WARN_QUOTED_INCLUDE_IN_FRAMEWORK_HEADER = YES;
				CLANG_WARN_RANGE_LOOP_ANALYSIS = YES;
				CLANG_WARN_STRICT_PROTOTYPES = YES;
				CLANG_WARN_SUSPICIOUS_MOVE = YES;
				CLANG_WARN_UNGUARDED_AVAILABILITY = YES_AGGRESSIVE;
				CLANG_WARN_UNREACHABLE_CODE = YES;
				CLANG_WARN__DUPLICATE_METHOD_MATCH = YES;
				COPY_PHASE_STRIP = NO;
				DEBUG_INFORMATION_FORMAT = dwarf;
				ENABLE_STRICT_OBJC_MSGSEND = YES;
				ENABLE_TESTABILITY = YES;
				GCC_C_LANGUAGE_STANDARD = gnu11;
				GCC_DYNAMIC_NO_PIC = NO;
				GCC_NO_COMMON_BLOCKS = YES;
				GCC_OPTIMIZATION_LEVEL = 0;
				GCC_PREPROCESSOR_DEFINITIONS = (
					"DEBUG=1",
					"$(inherited)",
				);
				GCC_WARN_64_TO_32_BIT_CONVERSION = YES;
				GCC_WARN_ABOUT_RETURN_TYPE = YES_ERROR;
				GCC_WARN_UNDECLARED_SELECTOR = YES;
				GCC_WARN_UNINITIALIZED_AUTOS = YES_AGGRESSIVE;
				GCC_WARN_UNUSED_FUNCTION = YES;
				GCC_WARN_UNUSED_VARIABLE = YES;
				IPHONEOS_DEPLOYMENT_TARGET = 16.4;
				MTL_ENABLE_DEBUG_INFO = INCLUDE_SOURCE;
				MTL_FAST_MATH = YES;
				ONLY_ACTIVE_ARCH = YES;
				SDKROOT = iphoneos;
				SWIFT_ACTIVE_COMPILATION_CONDITIONS = DEBUG;
				SWIFT_OPTIMIZATION_LEVEL = "-Onone";
			};
			name = Debug;
		};
		38FD411F2BC3AC6F00B41DAB /* Release */ = {
			isa = XCBuildConfiguration;
			buildSettings = {
				ALWAYS_SEARCH_USER_PATHS = NO;
				CLANG_ANALYZER_NONNULL = YES;
				CLANG_ANALYZER_NUMBER_OBJECT_CONVERSION = YES_AGGRESSIVE;
				CLANG_CXX_LANGUAGE_STANDARD = "gnu++20";
				CLANG_ENABLE_MODULES = YES;
				CLANG_ENABLE_OBJC_ARC = YES;
				CLANG_ENABLE_OBJC_WEAK = YES;
				CLANG_WARN_BLOCK_CAPTURE_AUTORELEASING = YES;
				CLANG_WARN_BOOL_CONVERSION = YES;
				CLANG_WARN_COMMA = YES;
				CLANG_WARN_CONSTANT_CONVERSION = YES;
				CLANG_WARN_DEPRECATED_OBJC_IMPLEMENTATIONS = YES;
				CLANG_WARN_DIRECT_OBJC_ISA_USAGE = YES_ERROR;
				CLANG_WARN_DOCUMENTATION_COMMENTS = YES;
				CLANG_WARN_EMPTY_BODY = YES;
				CLANG_WARN_ENUM_CONVERSION = YES;
				CLANG_WARN_INFINITE_RECURSION = YES;
				CLANG_WARN_INT_CONVERSION = YES;
				CLANG_WARN_NON_LITERAL_NULL_CONVERSION = YES;
				CLANG_WARN_OBJC_IMPLICIT_RETAIN_SELF = YES;
				CLANG_WARN_OBJC_LITERAL_CONVERSION = YES;
				CLANG_WARN_OBJC_ROOT_CLASS = YES_ERROR;
				CLANG_WARN_QUOTED_INCLUDE_IN_FRAMEWORK_HEADER = YES;
				CLANG_WARN_RANGE_LOOP_ANALYSIS = YES;
				CLANG_WARN_STRICT_PROTOTYPES = YES;
				CLANG_WARN_SUSPICIOUS_MOVE = YES;
				CLANG_WARN_UNGUARDED_AVAILABILITY = YES_AGGRESSIVE;
				CLANG_WARN_UNREACHABLE_CODE = YES;
				CLANG_WARN__DUPLICATE_METHOD_MATCH = YES;
				COPY_PHASE_STRIP = NO;
				DEBUG_INFORMATION_FORMAT = "dwarf-with-dsym";
				ENABLE_NS_ASSERTIONS = NO;
				ENABLE_STRICT_OBJC_MSGSEND = YES;
				GCC_C_LANGUAGE_STANDARD = gnu11;
				GCC_NO_COMMON_BLOCKS = YES;
				GCC_WARN_64_TO_32_BIT_CONVERSION = YES;
				GCC_WARN_ABOUT_RETURN_TYPE = YES_ERROR;
				GCC_WARN_UNDECLARED_SELECTOR = YES;
				GCC_WARN_UNINITIALIZED_AUTOS = YES_AGGRESSIVE;
				GCC_WARN_UNUSED_FUNCTION = YES;
				GCC_WARN_UNUSED_VARIABLE = YES;
				IPHONEOS_DEPLOYMENT_TARGET = 16.4;
				MTL_ENABLE_DEBUG_INFO = NO;
				MTL_FAST_MATH = YES;
				SDKROOT = iphoneos;
				SWIFT_COMPILATION_MODE = wholemodule;
				SWIFT_OPTIMIZATION_LEVEL = "-O";
				VALIDATE_PRODUCT = YES;
			};
			name = Release;
		};
		38FD41212BC3AC6F00B41DAB /* Debug */ = {
			isa = XCBuildConfiguration;
			baseConfigurationReference = 568DC3D3E2118E0ACEC9246B /* Pods-almophire_test.debug.xcconfig */;
			buildSettings = {
				ASSETCATALOG_COMPILER_APPICON_NAME = AppIcon;
				ASSETCATALOG_COMPILER_GLOBAL_ACCENT_COLOR_NAME = AccentColor;
				CODE_SIGN_STYLE = Automatic;
				CURRENT_PROJECT_VERSION = 1;
				GENERATE_INFOPLIST_FILE = YES;
				INFOPLIST_FILE = almophire_test/Info.plist;
				INFOPLIST_KEY_UIApplicationSupportsIndirectInputEvents = YES;
				INFOPLIST_KEY_UILaunchStoryboardName = LaunchScreen;
				INFOPLIST_KEY_UIMainStoryboardFile = Main;
				INFOPLIST_KEY_UISupportedInterfaceOrientations_iPad = "UIInterfaceOrientationPortrait UIInterfaceOrientationPortraitUpsideDown UIInterfaceOrientationLandscapeLeft UIInterfaceOrientationLandscapeRight";
				INFOPLIST_KEY_UISupportedInterfaceOrientations_iPhone = "UIInterfaceOrientationPortrait UIInterfaceOrientationLandscapeLeft UIInterfaceOrientationLandscapeRight";
				LD_RUNPATH_SEARCH_PATHS = (
					"$(inherited)",
					"@executable_path/Frameworks",
				);
				MARKETING_VERSION = 1.0;
				PRODUCT_BUNDLE_IDENTIFIER = "com.zignuts.almophire-test";
				PRODUCT_NAME = "$(TARGET_NAME)";
				SWIFT_EMIT_LOC_STRINGS = YES;
				SWIFT_VERSION = 5.0;
				TARGETED_DEVICE_FAMILY = "1,2";
			};
			name = Debug;
		};
		38FD41222BC3AC6F00B41DAB /* Release */ = {
			isa = XCBuildConfiguration;
			baseConfigurationReference = CAF354975B45DBE60CD636B6 /* Pods-almophire_test.release.xcconfig */;
			buildSettings = {
				ASSETCATALOG_COMPILER_APPICON_NAME = AppIcon;
				ASSETCATALOG_COMPILER_GLOBAL_ACCENT_COLOR_NAME = AccentColor;
				CODE_SIGN_STYLE = Automatic;
				CURRENT_PROJECT_VERSION = 1;
				GENERATE_INFOPLIST_FILE = YES;
				INFOPLIST_FILE = almophire_test/Info.plist;
				INFOPLIST_KEY_UIApplicationSupportsIndirectInputEvents = YES;
				INFOPLIST_KEY_UILaunchStoryboardName = LaunchScreen;
				INFOPLIST_KEY_UIMainStoryboardFile = Main;
				INFOPLIST_KEY_UISupportedInterfaceOrientations_iPad = "UIInterfaceOrientationPortrait UIInterfaceOrientationPortraitUpsideDown UIInterfaceOrientationLandscapeLeft UIInterfaceOrientationLandscapeRight";
				INFOPLIST_KEY_UISupportedInterfaceOrientations_iPhone = "UIInterfaceOrientationPortrait UIInterfaceOrientationLandscapeLeft UIInterfaceOrientationLandscapeRight";
				LD_RUNPATH_SEARCH_PATHS = (
					"$(inherited)",
					"@executable_path/Frameworks",
				);
				MARKETING_VERSION = 1.0;
				PRODUCT_BUNDLE_IDENTIFIER = "com.zignuts.almophire-test";
				PRODUCT_NAME = "$(TARGET_NAME)";
				SWIFT_EMIT_LOC_STRINGS = YES;
				SWIFT_VERSION = 5.0;
				TARGETED_DEVICE_FAMILY = "1,2";
			};
			name = Release;
		};
/* End XCBuildConfiguration section */

/* Begin XCConfigurationList section */
		38FD41072BC3AC6E00B41DAB /* Build configuration list for PBXProject "almophire_test" */ = {
			isa = XCConfigurationList;
			buildConfigurations = (
				38FD411E2BC3AC6F00B41DAB /* Debug */,
				38FD411F2BC3AC6F00B41DAB /* Release */,
			);
			defaultConfigurationIsVisible = 0;
			defaultConfigurationName = Release;
		};
		38FD41202BC3AC6F00B41DAB /* Build configuration list for PBXNativeTarget "almophire_test" */ = {
			isa = XCConfigurationList;
			buildConfigurations = (
				38FD41212BC3AC6F00B41DAB /* Debug */,
				38FD41222BC3AC6F00B41DAB /* Release */,
			);
			defaultConfigurationIsVisible = 0;
			defaultConfigurationName = Release;
		};
/* End XCConfigurationList section */
	};
	rootObject = 38FD41042BC3AC6E00B41DAB /* Project object */;
}
